
Microsoft Visual Studio Solution File, Format Version 12.00
Project("{2150E333-8FDC-42A3-9474-1A3956D46DE8}") = "src", "src", "{FA3ABFD2-383E-40FB-B31D-0EAB5C327CC2}"
EndProject
Project("{2150E333-8FDC-42A3-9474-1A3956D46DE8}") = "repository-items", "repository-items", "{1688A5F9-1A44-460B-864F-78A2119A5B8B}"
	ProjectSection(SolutionItems) = preProject
		.gitignore = .gitignore
		README.md = README.md
	EndProjectSection
EndProject
Project("{2150E333-8FDC-42A3-9474-1A3956D46DE8}") = "tests", "tests", "{9E41347C-9960-47F6-9075-9250829BC372}"
EndProject
Project("{FAE04EC0-301F-11D3-BF4B-00C04F79EFBC}") = "Gather.Domain.Unit", "tests\Gather.Domain.Unit\Gather.Domain.Unit.csproj", "{061C517C-6F80-45B6-81EA-CC17B61F150D}"
EndProject
Project("{2150E333-8FDC-42A3-9474-1A3956D46DE8}") = "services", "services", "{8DD61560-28E9-4A56-AA08-B579FB5A2B48}"
EndProject
Project("{FAE04EC0-301F-11D3-BF4B-00C04F79EFBC}") = "Garther.Comments.Indexing", "src\services\Garther.Comments.Indexing\Garther.Comments.Indexing.csproj", "{F2F704D6-7D9A-4E71-88EE-2317C3D68596}"
EndProject
Project("{FAE04EC0-301F-11D3-BF4B-00C04F79EFBC}") = "Garther.Comments.Verification", "src\services\Garther.Comments.Verification\Garther.Comments.Verification.csproj", "{53B4ED20-EECD-4D50-9A08-2143E17E274C}"
EndProject
Project("{2150E333-8FDC-42A3-9474-1A3956D46DE8}") = "api", "api", "{B261556A-D023-4828-8F2B-45EAAD98A260}"
EndProject
Project("{FAE04EC0-301F-11D3-BF4B-00C04F79EFBC}") = "Garther.Forum.Api", "src\api\Garther.Forum.Api\Garther.Forum.Api.csproj", "{32692525-1C84-40E2-AC8B-7B3E4FA83A78}"
EndProject
Project("{FAE04EC0-301F-11D3-BF4B-00C04F79EFBC}") = "Garther.Identity.Api", "src\api\Garther.Identity.Api\Garther.Identity.Api.csproj", "{92FD56A6-76D8-41FF-B9AF-D0B4F10445F7}"
EndProject
Project("{FAE04EC0-301F-11D3-BF4B-00C04F79EFBC}") = "Garther.ApiGateway", "src\api\Garther.ApiGateway\Garther.ApiGateway.csproj", "{0E3ACBAA-DC2F-44EA-8FAE-8419D761B845}"
EndProject
Project("{FAE04EC0-301F-11D3-BF4B-00C04F79EFBC}") = "Garther.WebApi", "src\api\Garther.WebApi\Garther.WebApi.csproj", "{5DC85469-E75A-4225-ACAB-968CD7895308}"
EndProject
Project("{2150E333-8FDC-42A3-9474-1A3956D46DE8}") = "deploy", "deploy", "{0A443491-133C-4DA9-95EC-4D5DBD57109C}"
	ProjectSection(SolutionItems) = preProject
		deploy\.env = deploy\.env
	EndProjectSection
EndProject
Project("{2150E333-8FDC-42A3-9474-1A3956D46DE8}") = "shared", "shared", "{B901CEB5-3428-4001-A4CF-5C20E0BBE5AE}"
EndProject
Project("{FAE04EC0-301F-11D3-BF4B-00C04F79EFBC}") = "Garther.Configuration", "src\shared\Garther.Configuration\Garther.Configuration.csproj", "{C4B1903D-8D7C-42B8-B22E-4367991AEC93}"
EndProject
Project("{FAE04EC0-301F-11D3-BF4B-00C04F79EFBC}") = "Garther.Domain", "src\shared\Garther.Domain\Garther.Domain.csproj", "{F82116D5-0EB3-450B-958C-39BABD1D042A}"
EndProject
Project("{FAE04EC0-301F-11D3-BF4B-00C04F79EFBC}") = "Garther.Domain.DI", "src\shared\Garther.Domain.DI\Garther.Domain.DI.csproj", "{289027E8-F56C-4E3D-8BC8-1BFB8EDCE5AE}"
EndProject
Project("{FAE04EC0-301F-11D3-BF4B-00C04F79EFBC}") = "Garther.Forum.Database", "src\shared\Garther.Forum.Database\Garther.Forum.Database.csproj", "{CF269184-A82F-4CC4-8C8A-640B80C3B73B}"
EndProject
Project("{FAE04EC0-301F-11D3-BF4B-00C04F79EFBC}") = "Garther.Forum.Database.DI", "src\shared\Garther.Forum.Database.DI\Garther.Forum.Database.DI.csproj", "{B263FA0B-F28D-4F8B-982C-4ACA905AD992}"
EndProject
Global
	GlobalSection(SolutionConfigurationPlatforms) = preSolution
		Debug|Any CPU = Debug|Any CPU
		Release|Any CPU = Release|Any CPU
	EndGlobalSection
	GlobalSection(NestedProjects) = preSolution
		{061C517C-6F80-45B6-81EA-CC17B61F150D} = {9E41347C-9960-47F6-9075-9250829BC372}
		{8DD61560-28E9-4A56-AA08-B579FB5A2B48} = {FA3ABFD2-383E-40FB-B31D-0EAB5C327CC2}
		{F2F704D6-7D9A-4E71-88EE-2317C3D68596} = {8DD61560-28E9-4A56-AA08-B579FB5A2B48}
		{53B4ED20-EECD-4D50-9A08-2143E17E274C} = {8DD61560-28E9-4A56-AA08-B579FB5A2B48}
		{B261556A-D023-4828-8F2B-45EAAD98A260} = {FA3ABFD2-383E-40FB-B31D-0EAB5C327CC2}
		{32692525-1C84-40E2-AC8B-7B3E4FA83A78} = {B261556A-D023-4828-8F2B-45EAAD98A260}
		{92FD56A6-76D8-41FF-B9AF-D0B4F10445F7} = {B261556A-D023-4828-8F2B-45EAAD98A260}
		{0E3ACBAA-DC2F-44EA-8FAE-8419D761B845} = {B261556A-D023-4828-8F2B-45EAAD98A260}
		{5DC85469-E75A-4225-ACAB-968CD7895308} = {B261556A-D023-4828-8F2B-45EAAD98A260}
		{B901CEB5-3428-4001-A4CF-5C20E0BBE5AE} = {FA3ABFD2-383E-40FB-B31D-0EAB5C327CC2}
		{C4B1903D-8D7C-42B8-B22E-4367991AEC93} = {B901CEB5-3428-4001-A4CF-5C20E0BBE5AE}
		{F82116D5-0EB3-450B-958C-39BABD1D042A} = {B901CEB5-3428-4001-A4CF-5C20E0BBE5AE}
		{289027E8-F56C-4E3D-8BC8-1BFB8EDCE5AE} = {B901CEB5-3428-4001-A4CF-5C20E0BBE5AE}
		{CF269184-A82F-4CC4-8C8A-640B80C3B73B} = {B901CEB5-3428-4001-A4CF-5C20E0BBE5AE}
		{B263FA0B-F28D-4F8B-982C-4ACA905AD992} = {B901CEB5-3428-4001-A4CF-5C20E0BBE5AE}
	EndGlobalSection
	GlobalSection(ProjectConfigurationPlatforms) = postSolution
		{061C517C-6F80-45B6-81EA-CC17B61F150D}.Debug|Any CPU.ActiveCfg = Debug|Any CPU
		{061C517C-6F80-45B6-81EA-CC17B61F150D}.Debug|Any CPU.Build.0 = Debug|Any CPU
		{061C517C-6F80-45B6-81EA-CC17B61F150D}.Release|Any CPU.ActiveCfg = Release|Any CPU
		{061C517C-6F80-45B6-81EA-CC17B61F150D}.Release|Any CPU.Build.0 = Release|Any CPU
		{F2F704D6-7D9A-4E71-88EE-2317C3D68596}.Debug|Any CPU.ActiveCfg = Debug|Any CPU
		{F2F704D6-7D9A-4E71-88EE-2317C3D68596}.Debug|Any CPU.Build.0 = Debug|Any CPU
		{F2F704D6-7D9A-4E71-88EE-2317C3D68596}.Release|Any CPU.ActiveCfg = Release|Any CPU
		{F2F704D6-7D9A-4E71-88EE-2317C3D68596}.Release|Any CPU.Build.0 = Release|Any CPU
		{53B4ED20-EECD-4D50-9A08-2143E17E274C}.Debug|Any CPU.ActiveCfg = Debug|Any CPU
		{53B4ED20-EECD-4D50-9A08-2143E17E274C}.Debug|Any CPU.Build.0 = Debug|Any CPU
		{53B4ED20-EECD-4D50-9A08-2143E17E274C}.Release|Any CPU.ActiveCfg = Release|Any CPU
		{53B4ED20-EECD-4D50-9A08-2143E17E274C}.Release|Any CPU.Build.0 = Release|Any CPU
		{32692525-1C84-40E2-AC8B-7B3E4FA83A78}.Debug|Any CPU.ActiveCfg = Debug|Any CPU
		{32692525-1C84-40E2-AC8B-7B3E4FA83A78}.Debug|Any CPU.Build.0 = Debug|Any CPU
		{32692525-1C84-40E2-AC8B-7B3E4FA83A78}.Release|Any CPU.ActiveCfg = Release|Any CPU
		{32692525-1C84-40E2-AC8B-7B3E4FA83A78}.Release|Any CPU.Build.0 = Release|Any CPU
		{92FD56A6-76D8-41FF-B9AF-D0B4F10445F7}.Debug|Any CPU.ActiveCfg = Debug|Any CPU
		{92FD56A6-76D8-41FF-B9AF-D0B4F10445F7}.Debug|Any CPU.Build.0 = Debug|Any CPU
		{92FD56A6-76D8-41FF-B9AF-D0B4F10445F7}.Release|Any CPU.ActiveCfg = Release|Any CPU
		{92FD56A6-76D8-41FF-B9AF-D0B4F10445F7}.Release|Any CPU.Build.0 = Release|Any CPU
		{0E3ACBAA-DC2F-44EA-8FAE-8419D761B845}.Debug|Any CPU.ActiveCfg = Debug|Any CPU
		{0E3ACBAA-DC2F-44EA-8FAE-8419D761B845}.Debug|Any CPU.Build.0 = Debug|Any CPU
		{0E3ACBAA-DC2F-44EA-8FAE-8419D761B845}.Release|Any CPU.ActiveCfg = Release|Any CPU
		{0E3ACBAA-DC2F-44EA-8FAE-8419D761B845}.Release|Any CPU.Build.0 = Release|Any CPU
		{5DC85469-E75A-4225-ACAB-968CD7895308}.Debug|Any CPU.ActiveCfg = Debug|Any CPU
		{5DC85469-E75A-4225-ACAB-968CD7895308}.Debug|Any CPU.Build.0 = Debug|Any CPU
		{5DC85469-E75A-4225-ACAB-968CD7895308}.Release|Any CPU.ActiveCfg = Release|Any CPU
		{5DC85469-E75A-4225-ACAB-968CD7895308}.Release|Any CPU.Build.0 = Release|Any CPU
		{C4B1903D-8D7C-42B8-B22E-4367991AEC93}.Debug|Any CPU.ActiveCfg = Debug|Any CPU
		{C4B1903D-8D7C-42B8-B22E-4367991AEC93}.Debug|Any CPU.Build.0 = Debug|Any CPU
		{C4B1903D-8D7C-42B8-B22E-4367991AEC93}.Release|Any CPU.ActiveCfg = Release|Any CPU
		{C4B1903D-8D7C-42B8-B22E-4367991AEC93}.Release|Any CPU.Build.0 = Release|Any CPU
		{F82116D5-0EB3-450B-958C-39BABD1D042A}.Debug|Any CPU.ActiveCfg = Debug|Any CPU
		{F82116D5-0EB3-450B-958C-39BABD1D042A}.Debug|Any CPU.Build.0 = Debug|Any CPU
		{F82116D5-0EB3-450B-958C-39BABD1D042A}.Release|Any CPU.ActiveCfg = Release|Any CPU
		{F82116D5-0EB3-450B-958C-39BABD1D042A}.Release|Any CPU.Build.0 = Release|Any CPU
		{289027E8-F56C-4E3D-8BC8-1BFB8EDCE5AE}.Debug|Any CPU.ActiveCfg = Debug|Any CPU
		{289027E8-F56C-4E3D-8BC8-1BFB8EDCE5AE}.Debug|Any CPU.Build.0 = Debug|Any CPU
		{289027E8-F56C-4E3D-8BC8-1BFB8EDCE5AE}.Release|Any CPU.ActiveCfg = Release|Any CPU
		{289027E8-F56C-4E3D-8BC8-1BFB8EDCE5AE}.Release|Any CPU.Build.0 = Release|Any CPU
		{CF269184-A82F-4CC4-8C8A-640B80C3B73B}.Debug|Any CPU.ActiveCfg = Debug|Any CPU
		{CF269184-A82F-4CC4-8C8A-640B80C3B73B}.Debug|Any CPU.Build.0 = Debug|Any CPU
		{CF269184-A82F-4CC4-8C8A-640B80C3B73B}.Release|Any CPU.ActiveCfg = Release|Any CPU
		{CF269184-A82F-4CC4-8C8A-640B80C3B73B}.Release|Any CPU.Build.0 = Release|Any CPU
		{B263FA0B-F28D-4F8B-982C-4ACA905AD992}.Debug|Any CPU.ActiveCfg = Debug|Any CPU
		{B263FA0B-F28D-4F8B-982C-4ACA905AD992}.Debug|Any CPU.Build.0 = Debug|Any CPU
		{B263FA0B-F28D-4F8B-982C-4ACA905AD992}.Release|Any CPU.ActiveCfg = Release|Any CPU
		{B263FA0B-F28D-4F8B-982C-4ACA905AD992}.Release|Any CPU.Build.0 = Release|Any CPU
	EndGlobalSection
EndGlobal
